
Microsoft Visual Studio Solution File, Format Version 12.00
# Visual Studio Version 17
VisualStudioVersion = 17.3.32811.315
MinimumVisualStudioVersion = 10.0.40219.1
Project("{FAE04EC0-301F-11D3-BF4B-00C04F79EFBC}") = "DatosPersonales", "DatosPersonales\DatosPersonales.csproj", "{C7C2EC13-938F-4073-B278-337AB2A55CD4}"
EndProject
Global
	GlobalSection(SolutionConfigurationPlatforms) = preSolution
		Debug|Any CPU = Debug|Any CPU
		Release|Any CPU = Release|Any CPU
	EndGlobalSection
	GlobalSection(ProjectConfigurationPlatforms) = postSolution
		{C7C2EC13-938F-4073-B278-337AB2A55CD4}.Debug|Any CPU.ActiveCfg = Debug|Any CPU
		{C7C2EC13-938F-4073-B278-337AB2A55CD4}.Debug|Any CPU.Build.0 = Debug|Any CPU
		{C7C2EC13-938F-4073-B278-337AB2A55CD4}.Release|Any CPU.ActiveCfg = Release|Any CPU
		{C7C2EC13-938F-4073-B278-337AB2A55CD4}.Release|Any CPU.Build.0 = Release|Any CPU
	EndGlobalSection
	GlobalSection(SolutionProperties) = preSolution
		HideSolutionNode = FALSE
	EndGlobalSection
	GlobalSection(ExtensibilityGlobals) = postSolution
		SolutionGuid = {84045B93-676D-46C3-AB77-093C9ACFBF9E}
	EndGlobalSection
EndGlobal
